
Microsoft Visual Studio Solution File, Format Version 12.00
# Visual Studio Version 17
VisualStudioVersion = 17.2.32519.379
MinimumVisualStudioVersion = 10.0.40219.1
Project("{FAE04EC0-301F-11D3-BF4B-00C04F79EFBC}") = "OrderCards.Api", "OrderCards.Api.csproj", "{76FA353C-8910-4D6D-BF11-F20E3A75876E}"
EndProject
Project("{FAE04EC0-301F-11D3-BF4B-00C04F79EFBC}") = "OrderCards.DAL", "..\OrderCards.DAL\OrderCards.DAL.csproj", "{5675AD90-28C3-42D1-A20B-F8E9FB67CF6B}"
EndProject
Project("{FAE04EC0-301F-11D3-BF4B-00C04F79EFBC}") = "OrderCards.Domain", "..\OrderCards.Domain\OrderCards.Domain.csproj", "{6DC40292-8A85-4741-AF45-4A97FC7417D3}"
EndProject
Project("{FAE04EC0-301F-11D3-BF4B-00C04F79EFBC}") = "OrderCards.PersistenceDB", "..\OrderCards.PersistenceDB\OrderCards.PersistenceDB.csproj", "{AED7C10F-BCF0-450B-B3C3-7096CDED7BB7}"
EndProject
Project("{FAE04EC0-301F-11D3-BF4B-00C04F79EFBC}") = "OrderCards.Services", "..\OrderCards.Services\OrderCards.Services.csproj", "{DB6A2C87-4BF7-4704-B185-5D52DC47B908}"
EndProject
Global
	GlobalSection(SolutionConfigurationPlatforms) = preSolution
		Debug|Any CPU = Debug|Any CPU
		Release|Any CPU = Release|Any CPU
	EndGlobalSection
	GlobalSection(ProjectConfigurationPlatforms) = postSolution
		{76FA353C-8910-4D6D-BF11-F20E3A75876E}.Debug|Any CPU.ActiveCfg = Debug|Any CPU
		{76FA353C-8910-4D6D-BF11-F20E3A75876E}.Debug|Any CPU.Build.0 = Debug|Any CPU
		{76FA353C-8910-4D6D-BF11-F20E3A75876E}.Release|Any CPU.ActiveCfg = Release|Any CPU
		{76FA353C-8910-4D6D-BF11-F20E3A75876E}.Release|Any CPU.Build.0 = Release|Any CPU
		{5675AD90-28C3-42D1-A20B-F8E9FB67CF6B}.Debug|Any CPU.ActiveCfg = Debug|Any CPU
		{5675AD90-28C3-42D1-A20B-F8E9FB67CF6B}.Debug|Any CPU.Build.0 = Debug|Any CPU
		{5675AD90-28C3-42D1-A20B-F8E9FB67CF6B}.Release|Any CPU.ActiveCfg = Release|Any CPU
		{5675AD90-28C3-42D1-A20B-F8E9FB67CF6B}.Release|Any CPU.Build.0 = Release|Any CPU
		{6DC40292-8A85-4741-AF45-4A97FC7417D3}.Debug|Any CPU.ActiveCfg = Debug|Any CPU
		{6DC40292-8A85-4741-AF45-4A97FC7417D3}.Debug|Any CPU.Build.0 = Debug|Any CPU
		{6DC40292-8A85-4741-AF45-4A97FC7417D3}.Release|Any CPU.ActiveCfg = Release|Any CPU
		{6DC40292-8A85-4741-AF45-4A97FC7417D3}.Release|Any CPU.Build.0 = Release|Any CPU
		{AED7C10F-BCF0-450B-B3C3-7096CDED7BB7}.Debug|Any CPU.ActiveCfg = Debug|Any CPU
		{AED7C10F-BCF0-450B-B3C3-7096CDED7BB7}.Debug|Any CPU.Build.0 = Debug|Any CPU
		{AED7C10F-BCF0-450B-B3C3-7096CDED7BB7}.Release|Any CPU.ActiveCfg = Release|Any CPU
		{AED7C10F-BCF0-450B-B3C3-7096CDED7BB7}.Release|Any CPU.Build.0 = Release|Any CPU
		{DB6A2C87-4BF7-4704-B185-5D52DC47B908}.Debug|Any CPU.ActiveCfg = Debug|Any CPU
		{DB6A2C87-4BF7-4704-B185-5D52DC47B908}.Debug|Any CPU.Build.0 = Debug|Any CPU
		{DB6A2C87-4BF7-4704-B185-5D52DC47B908}.Release|Any CPU.ActiveCfg = Release|Any CPU
		{DB6A2C87-4BF7-4704-B185-5D52DC47B908}.Release|Any CPU.Build.0 = Release|Any CPU
	EndGlobalSection
	GlobalSection(SolutionProperties) = preSolution
		HideSolutionNode = FALSE
	EndGlobalSection
	GlobalSection(ExtensibilityGlobals) = postSolution
		SolutionGuid = {3F682BA7-FA51-4D40-ABDB-8E57C76C24FA}
	EndGlobalSection
EndGlobal
